
Microsoft Visual Studio Solution File, Format Version 12.00
# Visual Studio 15
VisualStudioVersion = 15.0.28307.168
MinimumVisualStudioVersion = 10.0.40219.1
Project("{8BC9CEB8-8B4A-11D0-8D11-00A0C91BC942}") = "2048", "Samples\2048\2048.vcxproj", "{42CD25B3-24BE-4534-957F-9441418D5436}"
EndProject
Project("{8BC9CEB8-8B4A-11D0-8D11-00A0C91BC942}") = "MyLibrary", "Library\MyLibrary.vcxproj", "{DC09464A-147F-4067-BC09-932A4DFE4E74}"
EndProject
Project("{8BC9CEB8-8B4A-11D0-8D11-00A0C91BC942}") = "Engine", "Engine\Engine.vcxproj", "{3C9221F3-0101-43C6-BF19-3BF108004C21}"
EndProject
Project("{2150E333-8FDC-42A3-9474-1A3956D46DE8}") = "Project Items", "Project Items", "{23438DB5-84BC-4065-9577-8625D18C70CE}"
	ProjectSection(SolutionItems) = preProject
		.gitattributes = .gitattributes
		.gitignore = .gitignore
		Changelog.txt = Changelog.txt
		README.md = README.md
	EndProjectSection
EndProject
Project("{2150E333-8FDC-42A3-9474-1A3956D46DE8}") = "License", "License", "{B45335E6-2496-4D63-950F-B5ADF285A438}"
	ProjectSection(SolutionItems) = preProject
		License\COPYING-glfw3.txt = License\COPYING-glfw3.txt
		License\FTL.TXT = License\FTL.TXT
	EndProjectSection
EndProject
Global
	GlobalSection(SolutionConfigurationPlatforms) = preSolution
		Debug|x64 = Debug|x64
		Debug-static|x64 = Debug-static|x64
		Release|x64 = Release|x64
		Release-static|x64 = Release-static|x64
	EndGlobalSection
	GlobalSection(ProjectConfigurationPlatforms) = postSolution
		{42CD25B3-24BE-4534-957F-9441418D5436}.Debug|x64.ActiveCfg = Debug|x64
		{42CD25B3-24BE-4534-957F-9441418D5436}.Debug|x64.Build.0 = Debug|x64
		{42CD25B3-24BE-4534-957F-9441418D5436}.Debug-static|x64.ActiveCfg = Debug-static|x64
		{42CD25B3-24BE-4534-957F-9441418D5436}.Debug-static|x64.Build.0 = Debug-static|x64
		{42CD25B3-24BE-4534-957F-9441418D5436}.Release|x64.ActiveCfg = Release|x64
		{42CD25B3-24BE-4534-957F-9441418D5436}.Release|x64.Build.0 = Release|x64
		{42CD25B3-24BE-4534-957F-9441418D5436}.Release-static|x64.ActiveCfg = Release-static|x64
		{42CD25B3-24BE-4534-957F-9441418D5436}.Release-static|x64.Build.0 = Release-static|x64
		{DC09464A-147F-4067-BC09-932A4DFE4E74}.Debug|x64.ActiveCfg = Debug|x64
		{DC09464A-147F-4067-BC09-932A4DFE4E74}.Debug|x64.Build.0 = Debug|x64
		{DC09464A-147F-4067-BC09-932A4DFE4E74}.Debug-static|x64.ActiveCfg = Debug-static|Win32
		{DC09464A-147F-4067-BC09-932A4DFE4E74}.Debug-static|x64.Build.0 = Debug-static|x64
		{DC09464A-147F-4067-BC09-932A4DFE4E74}.Release|x64.ActiveCfg = Release|x64
		{DC09464A-147F-4067-BC09-932A4DFE4E74}.Release|x64.Build.0 = Release|x64
		{DC09464A-147F-4067-BC09-932A4DFE4E74}.Release-static|x64.ActiveCfg = Release-static|x64
		{DC09464A-147F-4067-BC09-932A4DFE4E74}.Release-static|x64.Build.0 = Release-static|x64
		{3C9221F3-0101-43C6-BF19-3BF108004C21}.Debug|x64.ActiveCfg = Debug|x64
		{3C9221F3-0101-43C6-BF19-3BF108004C21}.Debug|x64.Build.0 = Debug|x64
		{3C9221F3-0101-43C6-BF19-3BF108004C21}.Debug-static|x64.ActiveCfg = Debug-static|x64
		{3C9221F3-0101-43C6-BF19-3BF108004C21}.Debug-static|x64.Build.0 = Debug-static|x64
		{3C9221F3-0101-43C6-BF19-3BF108004C21}.Release|x64.ActiveCfg = Release|x64
		{3C9221F3-0101-43C6-BF19-3BF108004C21}.Release|x64.Build.0 = Release|x64
		{3C9221F3-0101-43C6-BF19-3BF108004C21}.Release-static|x64.ActiveCfg = Release-static|x64
		{3C9221F3-0101-43C6-BF19-3BF108004C21}.Release-static|x64.Build.0 = Release-static|x64
	EndGlobalSection
	GlobalSection(SolutionProperties) = preSolution
		HideSolutionNode = FALSE
	EndGlobalSection
	GlobalSection(NestedProjects) = preSolution
		{B45335E6-2496-4D63-950F-B5ADF285A438} = {23438DB5-84BC-4065-9577-8625D18C70CE}
	EndGlobalSection
	GlobalSection(ExtensibilityGlobals) = postSolution
		SolutionGuid = {E0F9CA6A-796A-47A9-B27F-1A7DE5BEBBD2}
	EndGlobalSection
EndGlobal
