
Microsoft Visual Studio Solution File, Format Version 12.00
# Visual Studio Version 16
VisualStudioVersion = 16.0.29411.108
MinimumVisualStudioVersion = 10.0.40219.1
Project("{8BC9CEB8-8B4A-11D0-8D11-00A0C91BC942}") = "2048", "Samples\2048\2048.vcxproj", "{42CD25B3-24BE-4534-957F-9441418D5436}"
EndProject
Project("{8BC9CEB8-8B4A-11D0-8D11-00A0C91BC942}") = "MyLibrary", "Library\MyLibrary.vcxproj", "{DC09464A-147F-4067-BC09-932A4DFE4E74}"
EndProject
Project("{8BC9CEB8-8B4A-11D0-8D11-00A0C91BC942}") = "Engine", "Engine\Engine.vcxproj", "{3C9221F3-0101-43C6-BF19-3BF108004C21}"
EndProject
Project("{2150E333-8FDC-42A3-9474-1A3956D46DE8}") = "Project Items", "Project Items", "{23438DB5-84BC-4065-9577-8625D18C70CE}"
	ProjectSection(SolutionItems) = preProject
		.gitattributes = .gitattributes
		.gitignore = .gitignore
		Changelog.txt = Changelog.txt
		README.md = README.md
	EndProjectSection
EndProject
Project("{2150E333-8FDC-42A3-9474-1A3956D46DE8}") = "License", "License", "{B45335E6-2496-4D63-950F-B5ADF285A438}"
	ProjectSection(SolutionItems) = preProject
		License\COPYING-glfw3.txt = License\COPYING-glfw3.txt
		License\FTL.TXT = License\FTL.TXT
	EndProjectSection
EndProject
Project("{8BC9CEB8-8B4A-11D0-8D11-00A0C91BC942}") = "TestEvent", "TestEvent\TestEvent.vcxproj", "{41A60E7B-D403-48C6-82C4-B8E3B26045B0}"
EndProject
Project("{8BC9CEB8-8B4A-11D0-8D11-00A0C91BC942}") = "GraphicComponent", "ModuleTests\GraphicComponent\GraphicComponent.vcxproj", "{CEB335BB-B64C-4B82-A955-5683E2E8F1C1}"
EndProject
Project("{8BC9CEB8-8B4A-11D0-8D11-00A0C91BC942}") = "Sound", "ModuleTests\Sound\Sound.vcxproj", "{7594E252-FAFD-465B-B564-FAEE2C0AFB36}"
EndProject
Project("{8BC9CEB8-8B4A-11D0-8D11-00A0C91BC942}") = "libsoundio_static", "dep-repo\libsoundio\build\libsoundio_static.vcxproj", "{B73186BD-3C09-36F2-BC75-F487ED327439}"
EndProject
Project("{8BC9CEB8-8B4A-11D0-8D11-00A0C91BC942}") = "OpenAL", "dep-repo\openal-soft\build\OpenAL.vcxproj", "{1966A300-129E-3E49-BCF7-E5A3AD523266}"
EndProject
Project("{8BC9CEB8-8B4A-11D0-8D11-00A0C91BC942}") = "Synth", "Synth\Synth.vcxproj", "{2D166F5E-79BF-4C32-9004-327CCB7E4608}"
EndProject
Project("{8BC9CEB8-8B4A-11D0-8D11-00A0C91BC942}") = "imgui", "imgui\imgui.vcxproj", "{0E5C7008-0B86-4A80-8DE6-AA1FA7CA8E24}"
EndProject
Project("{8BC9CEB8-8B4A-11D0-8D11-00A0C91BC942}") = "Video", "Video\Video.vcxproj", "{E3AC75DB-9815-4B5E-9141-0726F3D28642}"
EndProject
Project("{8BC9CEB8-8B4A-11D0-8D11-00A0C91BC942}") = "playground", "playground\playground.vcxproj", "{0437D1EC-B311-49F7-A5B3-98371AD7A763}"
EndProject
Global
	GlobalSection(SolutionConfigurationPlatforms) = preSolution
		Debug|x64 = Debug|x64
		Debug|x86 = Debug|x86
		Debug-static|x64 = Debug-static|x64
		Debug-static|x86 = Debug-static|x86
		MinSizeRel|x64 = MinSizeRel|x64
		MinSizeRel|x86 = MinSizeRel|x86
		O2|x64 = O2|x64
		O2|x86 = O2|x86
		Release|x64 = Release|x64
		Release|x86 = Release|x86
		Release-static|x64 = Release-static|x64
		Release-static|x86 = Release-static|x86
		RelWithDebInfo|x64 = RelWithDebInfo|x64
		RelWithDebInfo|x86 = RelWithDebInfo|x86
	EndGlobalSection
	GlobalSection(ProjectConfigurationPlatforms) = postSolution
		{42CD25B3-24BE-4534-957F-9441418D5436}.Debug|x64.ActiveCfg = Debug|x64
		{42CD25B3-24BE-4534-957F-9441418D5436}.Debug|x64.Build.0 = Debug|x64
		{42CD25B3-24BE-4534-957F-9441418D5436}.Debug|x86.ActiveCfg = Debug|x64
		{42CD25B3-24BE-4534-957F-9441418D5436}.Debug-static|x64.ActiveCfg = Debug-static|x64
		{42CD25B3-24BE-4534-957F-9441418D5436}.Debug-static|x64.Build.0 = Debug-static|x64
		{42CD25B3-24BE-4534-957F-9441418D5436}.Debug-static|x86.ActiveCfg = Debug-static|x64
		{42CD25B3-24BE-4534-957F-9441418D5436}.MinSizeRel|x64.ActiveCfg = Release|x64
		{42CD25B3-24BE-4534-957F-9441418D5436}.MinSizeRel|x64.Build.0 = Release|x64
		{42CD25B3-24BE-4534-957F-9441418D5436}.MinSizeRel|x86.ActiveCfg = Release|x64
		{42CD25B3-24BE-4534-957F-9441418D5436}.MinSizeRel|x86.Build.0 = Release|x64
		{42CD25B3-24BE-4534-957F-9441418D5436}.O2|x64.ActiveCfg = Release-static|x64
		{42CD25B3-24BE-4534-957F-9441418D5436}.O2|x64.Build.0 = Release-static|x64
		{42CD25B3-24BE-4534-957F-9441418D5436}.O2|x86.ActiveCfg = Release-static|x64
		{42CD25B3-24BE-4534-957F-9441418D5436}.O2|x86.Build.0 = Release-static|x64
		{42CD25B3-24BE-4534-957F-9441418D5436}.Release|x64.ActiveCfg = Release|x64
		{42CD25B3-24BE-4534-957F-9441418D5436}.Release|x64.Build.0 = Release|x64
		{42CD25B3-24BE-4534-957F-9441418D5436}.Release|x86.ActiveCfg = Release|x64
		{42CD25B3-24BE-4534-957F-9441418D5436}.Release-static|x64.ActiveCfg = Release-static|x64
		{42CD25B3-24BE-4534-957F-9441418D5436}.Release-static|x64.Build.0 = Release-static|x64
		{42CD25B3-24BE-4534-957F-9441418D5436}.Release-static|x86.ActiveCfg = Release-static|x64
		{42CD25B3-24BE-4534-957F-9441418D5436}.RelWithDebInfo|x64.ActiveCfg = Release|x64
		{42CD25B3-24BE-4534-957F-9441418D5436}.RelWithDebInfo|x64.Build.0 = Release|x64
		{42CD25B3-24BE-4534-957F-9441418D5436}.RelWithDebInfo|x86.ActiveCfg = Release|x64
		{42CD25B3-24BE-4534-957F-9441418D5436}.RelWithDebInfo|x86.Build.0 = Release|x64
		{DC09464A-147F-4067-BC09-932A4DFE4E74}.Debug|x64.ActiveCfg = Debug|x64
		{DC09464A-147F-4067-BC09-932A4DFE4E74}.Debug|x64.Build.0 = Debug|x64
		{DC09464A-147F-4067-BC09-932A4DFE4E74}.Debug|x86.ActiveCfg = Debug|Win32
		{DC09464A-147F-4067-BC09-932A4DFE4E74}.Debug|x86.Build.0 = Debug|Win32
		{DC09464A-147F-4067-BC09-932A4DFE4E74}.Debug-static|x64.ActiveCfg = Debug-static|x64
		{DC09464A-147F-4067-BC09-932A4DFE4E74}.Debug-static|x86.ActiveCfg = Debug-static|Win32
		{DC09464A-147F-4067-BC09-932A4DFE4E74}.Debug-static|x86.Build.0 = Debug-static|Win32
		{DC09464A-147F-4067-BC09-932A4DFE4E74}.MinSizeRel|x64.ActiveCfg = Release|x64
		{DC09464A-147F-4067-BC09-932A4DFE4E74}.MinSizeRel|x64.Build.0 = Release|x64
		{DC09464A-147F-4067-BC09-932A4DFE4E74}.MinSizeRel|x86.ActiveCfg = Release|Win32
		{DC09464A-147F-4067-BC09-932A4DFE4E74}.MinSizeRel|x86.Build.0 = Release|Win32
		{DC09464A-147F-4067-BC09-932A4DFE4E74}.O2|x64.ActiveCfg = Release-static|x64
		{DC09464A-147F-4067-BC09-932A4DFE4E74}.O2|x64.Build.0 = Release-static|x64
		{DC09464A-147F-4067-BC09-932A4DFE4E74}.O2|x86.ActiveCfg = Release-static|Win32
		{DC09464A-147F-4067-BC09-932A4DFE4E74}.O2|x86.Build.0 = Release-static|Win32
		{DC09464A-147F-4067-BC09-932A4DFE4E74}.Release|x64.ActiveCfg = Release|x64
		{DC09464A-147F-4067-BC09-932A4DFE4E74}.Release|x64.Build.0 = Release|x64
		{DC09464A-147F-4067-BC09-932A4DFE4E74}.Release|x86.ActiveCfg = Release|Win32
		{DC09464A-147F-4067-BC09-932A4DFE4E74}.Release|x86.Build.0 = Release|Win32
		{DC09464A-147F-4067-BC09-932A4DFE4E74}.Release-static|x64.ActiveCfg = Release-static|x64
		{DC09464A-147F-4067-BC09-932A4DFE4E74}.Release-static|x64.Build.0 = Release-static|x64
		{DC09464A-147F-4067-BC09-932A4DFE4E74}.Release-static|x86.ActiveCfg = Release-static|Win32
		{DC09464A-147F-4067-BC09-932A4DFE4E74}.Release-static|x86.Build.0 = Release-static|Win32
		{DC09464A-147F-4067-BC09-932A4DFE4E74}.RelWithDebInfo|x64.ActiveCfg = Release|x64
		{DC09464A-147F-4067-BC09-932A4DFE4E74}.RelWithDebInfo|x64.Build.0 = Release|x64
		{DC09464A-147F-4067-BC09-932A4DFE4E74}.RelWithDebInfo|x86.ActiveCfg = Release|Win32
		{DC09464A-147F-4067-BC09-932A4DFE4E74}.RelWithDebInfo|x86.Build.0 = Release|Win32
		{3C9221F3-0101-43C6-BF19-3BF108004C21}.Debug|x64.ActiveCfg = Debug|x64
		{3C9221F3-0101-43C6-BF19-3BF108004C21}.Debug|x64.Build.0 = Debug|x64
		{3C9221F3-0101-43C6-BF19-3BF108004C21}.Debug|x86.ActiveCfg = Debug|x64
		{3C9221F3-0101-43C6-BF19-3BF108004C21}.Debug-static|x64.ActiveCfg = Debug-static|x64
		{3C9221F3-0101-43C6-BF19-3BF108004C21}.Debug-static|x64.Build.0 = Debug-static|x64
		{3C9221F3-0101-43C6-BF19-3BF108004C21}.Debug-static|x86.ActiveCfg = Debug-static|x64
		{3C9221F3-0101-43C6-BF19-3BF108004C21}.MinSizeRel|x64.ActiveCfg = Release|x64
		{3C9221F3-0101-43C6-BF19-3BF108004C21}.MinSizeRel|x64.Build.0 = Release|x64
		{3C9221F3-0101-43C6-BF19-3BF108004C21}.MinSizeRel|x86.ActiveCfg = Release|x64
		{3C9221F3-0101-43C6-BF19-3BF108004C21}.MinSizeRel|x86.Build.0 = Release|x64
		{3C9221F3-0101-43C6-BF19-3BF108004C21}.O2|x64.ActiveCfg = Release-static|x64
		{3C9221F3-0101-43C6-BF19-3BF108004C21}.O2|x86.ActiveCfg = Release-static|x64
		{3C9221F3-0101-43C6-BF19-3BF108004C21}.Release|x64.ActiveCfg = Release|x64
		{3C9221F3-0101-43C6-BF19-3BF108004C21}.Release|x64.Build.0 = Release|x64
		{3C9221F3-0101-43C6-BF19-3BF108004C21}.Release|x86.ActiveCfg = Release|x64
		{3C9221F3-0101-43C6-BF19-3BF108004C21}.Release-static|x64.ActiveCfg = Release-static|x64
		{3C9221F3-0101-43C6-BF19-3BF108004C21}.Release-static|x64.Build.0 = Release-static|x64
		{3C9221F3-0101-43C6-BF19-3BF108004C21}.Release-static|x86.ActiveCfg = Release-static|x64
		{3C9221F3-0101-43C6-BF19-3BF108004C21}.RelWithDebInfo|x64.ActiveCfg = Release|x64
		{3C9221F3-0101-43C6-BF19-3BF108004C21}.RelWithDebInfo|x64.Build.0 = Release|x64
		{3C9221F3-0101-43C6-BF19-3BF108004C21}.RelWithDebInfo|x86.ActiveCfg = Release|x64
		{3C9221F3-0101-43C6-BF19-3BF108004C21}.RelWithDebInfo|x86.Build.0 = Release|x64
		{41A60E7B-D403-48C6-82C4-B8E3B26045B0}.Debug|x64.ActiveCfg = Debug|x64
		{41A60E7B-D403-48C6-82C4-B8E3B26045B0}.Debug|x64.Build.0 = Debug|x64
		{41A60E7B-D403-48C6-82C4-B8E3B26045B0}.Debug|x86.ActiveCfg = Debug|x64
		{41A60E7B-D403-48C6-82C4-B8E3B26045B0}.Debug-static|x64.ActiveCfg = Debug|x64
		{41A60E7B-D403-48C6-82C4-B8E3B26045B0}.Debug-static|x64.Build.0 = Debug|x64
		{41A60E7B-D403-48C6-82C4-B8E3B26045B0}.Debug-static|x86.ActiveCfg = Debug|x64
		{41A60E7B-D403-48C6-82C4-B8E3B26045B0}.Debug-static|x86.Build.0 = Debug|x64
		{41A60E7B-D403-48C6-82C4-B8E3B26045B0}.MinSizeRel|x64.ActiveCfg = O2|x64
		{41A60E7B-D403-48C6-82C4-B8E3B26045B0}.MinSizeRel|x64.Build.0 = O2|x64
		{41A60E7B-D403-48C6-82C4-B8E3B26045B0}.MinSizeRel|x86.ActiveCfg = O2|x64
		{41A60E7B-D403-48C6-82C4-B8E3B26045B0}.MinSizeRel|x86.Build.0 = O2|x64
		{41A60E7B-D403-48C6-82C4-B8E3B26045B0}.O2|x64.ActiveCfg = O2|x64
		{41A60E7B-D403-48C6-82C4-B8E3B26045B0}.O2|x64.Build.0 = O2|x64
		{41A60E7B-D403-48C6-82C4-B8E3B26045B0}.O2|x86.ActiveCfg = O2|x64
		{41A60E7B-D403-48C6-82C4-B8E3B26045B0}.Release|x64.ActiveCfg = O2|x64
		{41A60E7B-D403-48C6-82C4-B8E3B26045B0}.Release|x64.Build.0 = O2|x64
		{41A60E7B-D403-48C6-82C4-B8E3B26045B0}.Release|x86.ActiveCfg = Debug|x64
		{41A60E7B-D403-48C6-82C4-B8E3B26045B0}.Release|x86.Build.0 = Debug|x64
		{41A60E7B-D403-48C6-82C4-B8E3B26045B0}.Release-static|x64.ActiveCfg = Debug|x64
		{41A60E7B-D403-48C6-82C4-B8E3B26045B0}.Release-static|x64.Build.0 = Debug|x64
		{41A60E7B-D403-48C6-82C4-B8E3B26045B0}.Release-static|x86.ActiveCfg = Debug|x64
		{41A60E7B-D403-48C6-82C4-B8E3B26045B0}.Release-static|x86.Build.0 = Debug|x64
		{41A60E7B-D403-48C6-82C4-B8E3B26045B0}.RelWithDebInfo|x64.ActiveCfg = O2|x64
		{41A60E7B-D403-48C6-82C4-B8E3B26045B0}.RelWithDebInfo|x64.Build.0 = O2|x64
		{41A60E7B-D403-48C6-82C4-B8E3B26045B0}.RelWithDebInfo|x86.ActiveCfg = O2|x64
		{41A60E7B-D403-48C6-82C4-B8E3B26045B0}.RelWithDebInfo|x86.Build.0 = O2|x64
		{CEB335BB-B64C-4B82-A955-5683E2E8F1C1}.Debug|x64.ActiveCfg = Debug|x64
		{CEB335BB-B64C-4B82-A955-5683E2E8F1C1}.Debug|x64.Build.0 = Debug|x64
		{CEB335BB-B64C-4B82-A955-5683E2E8F1C1}.Debug|x86.ActiveCfg = Debug|x64
		{CEB335BB-B64C-4B82-A955-5683E2E8F1C1}.Debug-static|x64.ActiveCfg = Debug|x64
		{CEB335BB-B64C-4B82-A955-5683E2E8F1C1}.Debug-static|x64.Build.0 = Debug|x64
		{CEB335BB-B64C-4B82-A955-5683E2E8F1C1}.Debug-static|x86.ActiveCfg = Release|x64
		{CEB335BB-B64C-4B82-A955-5683E2E8F1C1}.Debug-static|x86.Build.0 = Release|x64
		{CEB335BB-B64C-4B82-A955-5683E2E8F1C1}.MinSizeRel|x64.ActiveCfg = Release|x64
		{CEB335BB-B64C-4B82-A955-5683E2E8F1C1}.MinSizeRel|x64.Build.0 = Release|x64
		{CEB335BB-B64C-4B82-A955-5683E2E8F1C1}.MinSizeRel|x86.ActiveCfg = Release|x64
		{CEB335BB-B64C-4B82-A955-5683E2E8F1C1}.MinSizeRel|x86.Build.0 = Release|x64
		{CEB335BB-B64C-4B82-A955-5683E2E8F1C1}.O2|x64.ActiveCfg = Release|x64
		{CEB335BB-B64C-4B82-A955-5683E2E8F1C1}.O2|x64.Build.0 = Release|x64
		{CEB335BB-B64C-4B82-A955-5683E2E8F1C1}.O2|x86.ActiveCfg = Release|x64
		{CEB335BB-B64C-4B82-A955-5683E2E8F1C1}.O2|x86.Build.0 = Release|x64
		{CEB335BB-B64C-4B82-A955-5683E2E8F1C1}.Release|x64.ActiveCfg = Release|x64
		{CEB335BB-B64C-4B82-A955-5683E2E8F1C1}.Release|x64.Build.0 = Release|x64
		{CEB335BB-B64C-4B82-A955-5683E2E8F1C1}.Release|x86.ActiveCfg = Release|x64
		{CEB335BB-B64C-4B82-A955-5683E2E8F1C1}.Release-static|x64.ActiveCfg = Release|x64
		{CEB335BB-B64C-4B82-A955-5683E2E8F1C1}.Release-static|x64.Build.0 = Release|x64
		{CEB335BB-B64C-4B82-A955-5683E2E8F1C1}.Release-static|x86.ActiveCfg = Release|x64
		{CEB335BB-B64C-4B82-A955-5683E2E8F1C1}.Release-static|x86.Build.0 = Release|x64
		{CEB335BB-B64C-4B82-A955-5683E2E8F1C1}.RelWithDebInfo|x64.ActiveCfg = Release|x64
		{CEB335BB-B64C-4B82-A955-5683E2E8F1C1}.RelWithDebInfo|x64.Build.0 = Release|x64
		{CEB335BB-B64C-4B82-A955-5683E2E8F1C1}.RelWithDebInfo|x86.ActiveCfg = Release|x64
		{CEB335BB-B64C-4B82-A955-5683E2E8F1C1}.RelWithDebInfo|x86.Build.0 = Release|x64
		{7594E252-FAFD-465B-B564-FAEE2C0AFB36}.Debug|x64.ActiveCfg = Debug|x64
		{7594E252-FAFD-465B-B564-FAEE2C0AFB36}.Debug|x64.Build.0 = Debug|x64
		{7594E252-FAFD-465B-B564-FAEE2C0AFB36}.Debug|x86.ActiveCfg = Debug|x64
		{7594E252-FAFD-465B-B564-FAEE2C0AFB36}.Debug-static|x64.ActiveCfg = Debug|x64
		{7594E252-FAFD-465B-B564-FAEE2C0AFB36}.Debug-static|x64.Build.0 = Debug|x64
		{7594E252-FAFD-465B-B564-FAEE2C0AFB36}.Debug-static|x86.ActiveCfg = Release|x64
		{7594E252-FAFD-465B-B564-FAEE2C0AFB36}.Debug-static|x86.Build.0 = Release|x64
		{7594E252-FAFD-465B-B564-FAEE2C0AFB36}.MinSizeRel|x64.ActiveCfg = Release|x64
		{7594E252-FAFD-465B-B564-FAEE2C0AFB36}.MinSizeRel|x64.Build.0 = Release|x64
		{7594E252-FAFD-465B-B564-FAEE2C0AFB36}.MinSizeRel|x86.ActiveCfg = Release|x64
		{7594E252-FAFD-465B-B564-FAEE2C0AFB36}.MinSizeRel|x86.Build.0 = Release|x64
		{7594E252-FAFD-465B-B564-FAEE2C0AFB36}.O2|x64.ActiveCfg = Release|x64
		{7594E252-FAFD-465B-B564-FAEE2C0AFB36}.O2|x64.Build.0 = Release|x64
		{7594E252-FAFD-465B-B564-FAEE2C0AFB36}.O2|x86.ActiveCfg = Release|x64
		{7594E252-FAFD-465B-B564-FAEE2C0AFB36}.O2|x86.Build.0 = Release|x64
		{7594E252-FAFD-465B-B564-FAEE2C0AFB36}.Release|x64.ActiveCfg = Release|x64
		{7594E252-FAFD-465B-B564-FAEE2C0AFB36}.Release|x64.Build.0 = Release|x64
		{7594E252-FAFD-465B-B564-FAEE2C0AFB36}.Release|x86.ActiveCfg = Release|x64
		{7594E252-FAFD-465B-B564-FAEE2C0AFB36}.Release-static|x64.ActiveCfg = Release|x64
		{7594E252-FAFD-465B-B564-FAEE2C0AFB36}.Release-static|x64.Build.0 = Release|x64
		{7594E252-FAFD-465B-B564-FAEE2C0AFB36}.Release-static|x86.ActiveCfg = Release|x64
		{7594E252-FAFD-465B-B564-FAEE2C0AFB36}.Release-static|x86.Build.0 = Release|x64
		{7594E252-FAFD-465B-B564-FAEE2C0AFB36}.RelWithDebInfo|x64.ActiveCfg = Release|x64
		{7594E252-FAFD-465B-B564-FAEE2C0AFB36}.RelWithDebInfo|x64.Build.0 = Release|x64
		{7594E252-FAFD-465B-B564-FAEE2C0AFB36}.RelWithDebInfo|x86.ActiveCfg = Release|x64
		{7594E252-FAFD-465B-B564-FAEE2C0AFB36}.RelWithDebInfo|x86.Build.0 = Release|x64
		{B73186BD-3C09-36F2-BC75-F487ED327439}.Debug|x64.ActiveCfg = Debug|x64
		{B73186BD-3C09-36F2-BC75-F487ED327439}.Debug|x64.Build.0 = Debug|x64
		{B73186BD-3C09-36F2-BC75-F487ED327439}.Debug|x86.ActiveCfg = Debug|x64
		{B73186BD-3C09-36F2-BC75-F487ED327439}.Debug-static|x64.ActiveCfg = Debug|x64
		{B73186BD-3C09-36F2-BC75-F487ED327439}.Debug-static|x64.Build.0 = Debug|x64
		{B73186BD-3C09-36F2-BC75-F487ED327439}.Debug-static|x86.ActiveCfg = MinSizeRel|x64
		{B73186BD-3C09-36F2-BC75-F487ED327439}.Debug-static|x86.Build.0 = MinSizeRel|x64
		{B73186BD-3C09-36F2-BC75-F487ED327439}.MinSizeRel|x64.ActiveCfg = MinSizeRel|x64
		{B73186BD-3C09-36F2-BC75-F487ED327439}.MinSizeRel|x64.Build.0 = MinSizeRel|x64
		{B73186BD-3C09-36F2-BC75-F487ED327439}.MinSizeRel|x86.ActiveCfg = MinSizeRel|x64
		{B73186BD-3C09-36F2-BC75-F487ED327439}.O2|x64.ActiveCfg = MinSizeRel|x64
		{B73186BD-3C09-36F2-BC75-F487ED327439}.O2|x64.Build.0 = MinSizeRel|x64
		{B73186BD-3C09-36F2-BC75-F487ED327439}.O2|x86.ActiveCfg = MinSizeRel|x64
		{B73186BD-3C09-36F2-BC75-F487ED327439}.O2|x86.Build.0 = MinSizeRel|x64
		{B73186BD-3C09-36F2-BC75-F487ED327439}.Release|x64.ActiveCfg = Release|x64
		{B73186BD-3C09-36F2-BC75-F487ED327439}.Release|x64.Build.0 = Release|x64
		{B73186BD-3C09-36F2-BC75-F487ED327439}.Release|x86.ActiveCfg = Release|x64
		{B73186BD-3C09-36F2-BC75-F487ED327439}.Release-static|x64.ActiveCfg = Release|x64
		{B73186BD-3C09-36F2-BC75-F487ED327439}.Release-static|x64.Build.0 = Release|x64
		{B73186BD-3C09-36F2-BC75-F487ED327439}.Release-static|x86.ActiveCfg = MinSizeRel|x64
		{B73186BD-3C09-36F2-BC75-F487ED327439}.Release-static|x86.Build.0 = MinSizeRel|x64
		{B73186BD-3C09-36F2-BC75-F487ED327439}.RelWithDebInfo|x64.ActiveCfg = RelWithDebInfo|x64
		{B73186BD-3C09-36F2-BC75-F487ED327439}.RelWithDebInfo|x64.Build.0 = RelWithDebInfo|x64
		{B73186BD-3C09-36F2-BC75-F487ED327439}.RelWithDebInfo|x86.ActiveCfg = RelWithDebInfo|x64
		{1966A300-129E-3E49-BCF7-E5A3AD523266}.Debug|x64.ActiveCfg = Debug|x64
		{1966A300-129E-3E49-BCF7-E5A3AD523266}.Debug|x64.Build.0 = Debug|x64
		{1966A300-129E-3E49-BCF7-E5A3AD523266}.Debug|x86.ActiveCfg = Debug|x64
		{1966A300-129E-3E49-BCF7-E5A3AD523266}.Debug-static|x64.ActiveCfg = Debug|x64
		{1966A300-129E-3E49-BCF7-E5A3AD523266}.Debug-static|x64.Build.0 = Debug|x64
		{1966A300-129E-3E49-BCF7-E5A3AD523266}.Debug-static|x86.ActiveCfg = RelWithDebInfo|x64
		{1966A300-129E-3E49-BCF7-E5A3AD523266}.Debug-static|x86.Build.0 = RelWithDebInfo|x64
		{1966A300-129E-3E49-BCF7-E5A3AD523266}.MinSizeRel|x64.ActiveCfg = MinSizeRel|x64
		{1966A300-129E-3E49-BCF7-E5A3AD523266}.MinSizeRel|x64.Build.0 = MinSizeRel|x64
		{1966A300-129E-3E49-BCF7-E5A3AD523266}.MinSizeRel|x86.ActiveCfg = MinSizeRel|x64
		{1966A300-129E-3E49-BCF7-E5A3AD523266}.O2|x64.ActiveCfg = RelWithDebInfo|x64
		{1966A300-129E-3E49-BCF7-E5A3AD523266}.O2|x64.Build.0 = RelWithDebInfo|x64
		{1966A300-129E-3E49-BCF7-E5A3AD523266}.O2|x86.ActiveCfg = RelWithDebInfo|x64
		{1966A300-129E-3E49-BCF7-E5A3AD523266}.O2|x86.Build.0 = RelWithDebInfo|x64
		{1966A300-129E-3E49-BCF7-E5A3AD523266}.Release|x64.ActiveCfg = Release|x64
		{1966A300-129E-3E49-BCF7-E5A3AD523266}.Release|x64.Build.0 = Release|x64
		{1966A300-129E-3E49-BCF7-E5A3AD523266}.Release|x86.ActiveCfg = Release|x64
		{1966A300-129E-3E49-BCF7-E5A3AD523266}.Release-static|x64.ActiveCfg = Release|x64
		{1966A300-129E-3E49-BCF7-E5A3AD523266}.Release-static|x64.Build.0 = Release|x64
		{1966A300-129E-3E49-BCF7-E5A3AD523266}.Release-static|x86.ActiveCfg = RelWithDebInfo|x64
		{1966A300-129E-3E49-BCF7-E5A3AD523266}.Release-static|x86.Build.0 = RelWithDebInfo|x64
		{1966A300-129E-3E49-BCF7-E5A3AD523266}.RelWithDebInfo|x64.ActiveCfg = RelWithDebInfo|x64
		{1966A300-129E-3E49-BCF7-E5A3AD523266}.RelWithDebInfo|x64.Build.0 = RelWithDebInfo|x64
		{1966A300-129E-3E49-BCF7-E5A3AD523266}.RelWithDebInfo|x86.ActiveCfg = RelWithDebInfo|x64
		{2D166F5E-79BF-4C32-9004-327CCB7E4608}.Debug|x64.ActiveCfg = Debug|x64
		{2D166F5E-79BF-4C32-9004-327CCB7E4608}.Debug|x64.Build.0 = Debug|x64
		{2D166F5E-79BF-4C32-9004-327CCB7E4608}.Debug|x86.ActiveCfg = Debug|Win32
		{2D166F5E-79BF-4C32-9004-327CCB7E4608}.Debug|x86.Build.0 = Debug|Win32
		{2D166F5E-79BF-4C32-9004-327CCB7E4608}.Debug-static|x64.ActiveCfg = Debug|x64
		{2D166F5E-79BF-4C32-9004-327CCB7E4608}.Debug-static|x64.Build.0 = Debug|x64
		{2D166F5E-79BF-4C32-9004-327CCB7E4608}.Debug-static|x86.ActiveCfg = Debug|Win32
		{2D166F5E-79BF-4C32-9004-327CCB7E4608}.Debug-static|x86.Build.0 = Debug|Win32
		{2D166F5E-79BF-4C32-9004-327CCB7E4608}.MinSizeRel|x64.ActiveCfg = Release|x64
		{2D166F5E-79BF-4C32-9004-327CCB7E4608}.MinSizeRel|x64.Build.0 = Release|x64
		{2D166F5E-79BF-4C32-9004-327CCB7E4608}.MinSizeRel|x86.ActiveCfg = Release|Win32
		{2D166F5E-79BF-4C32-9004-327CCB7E4608}.MinSizeRel|x86.Build.0 = Release|Win32
		{2D166F5E-79BF-4C32-9004-327CCB7E4608}.O2|x64.ActiveCfg = Release|x64
		{2D166F5E-79BF-4C32-9004-327CCB7E4608}.O2|x64.Build.0 = Release|x64
		{2D166F5E-79BF-4C32-9004-327CCB7E4608}.O2|x86.ActiveCfg = Release|Win32
		{2D166F5E-79BF-4C32-9004-327CCB7E4608}.O2|x86.Build.0 = Release|Win32
		{2D166F5E-79BF-4C32-9004-327CCB7E4608}.Release|x64.ActiveCfg = Release|x64
		{2D166F5E-79BF-4C32-9004-327CCB7E4608}.Release|x64.Build.0 = Release|x64
		{2D166F5E-79BF-4C32-9004-327CCB7E4608}.Release|x86.ActiveCfg = Release|Win32
		{2D166F5E-79BF-4C32-9004-327CCB7E4608}.Release|x86.Build.0 = Release|Win32
		{2D166F5E-79BF-4C32-9004-327CCB7E4608}.Release-static|x64.ActiveCfg = Release|x64
		{2D166F5E-79BF-4C32-9004-327CCB7E4608}.Release-static|x64.Build.0 = Release|x64
		{2D166F5E-79BF-4C32-9004-327CCB7E4608}.Release-static|x86.ActiveCfg = Release|Win32
		{2D166F5E-79BF-4C32-9004-327CCB7E4608}.Release-static|x86.Build.0 = Release|Win32
		{2D166F5E-79BF-4C32-9004-327CCB7E4608}.RelWithDebInfo|x64.ActiveCfg = Release|x64
		{2D166F5E-79BF-4C32-9004-327CCB7E4608}.RelWithDebInfo|x64.Build.0 = Release|x64
		{2D166F5E-79BF-4C32-9004-327CCB7E4608}.RelWithDebInfo|x86.ActiveCfg = Release|Win32
		{2D166F5E-79BF-4C32-9004-327CCB7E4608}.RelWithDebInfo|x86.Build.0 = Release|Win32
		{0E5C7008-0B86-4A80-8DE6-AA1FA7CA8E24}.Debug|x64.ActiveCfg = Debug|x64
		{0E5C7008-0B86-4A80-8DE6-AA1FA7CA8E24}.Debug|x64.Build.0 = Debug|x64
		{0E5C7008-0B86-4A80-8DE6-AA1FA7CA8E24}.Debug|x86.ActiveCfg = Debug|Win32
		{0E5C7008-0B86-4A80-8DE6-AA1FA7CA8E24}.Debug|x86.Build.0 = Debug|Win32
		{0E5C7008-0B86-4A80-8DE6-AA1FA7CA8E24}.Debug-static|x64.ActiveCfg = Debug|x64
		{0E5C7008-0B86-4A80-8DE6-AA1FA7CA8E24}.Debug-static|x64.Build.0 = Debug|x64
		{0E5C7008-0B86-4A80-8DE6-AA1FA7CA8E24}.Debug-static|x86.ActiveCfg = Debug|Win32
		{0E5C7008-0B86-4A80-8DE6-AA1FA7CA8E24}.Debug-static|x86.Build.0 = Debug|Win32
		{0E5C7008-0B86-4A80-8DE6-AA1FA7CA8E24}.MinSizeRel|x64.ActiveCfg = Release|x64
		{0E5C7008-0B86-4A80-8DE6-AA1FA7CA8E24}.MinSizeRel|x64.Build.0 = Release|x64
		{0E5C7008-0B86-4A80-8DE6-AA1FA7CA8E24}.MinSizeRel|x86.ActiveCfg = Release|Win32
		{0E5C7008-0B86-4A80-8DE6-AA1FA7CA8E24}.MinSizeRel|x86.Build.0 = Release|Win32
		{0E5C7008-0B86-4A80-8DE6-AA1FA7CA8E24}.O2|x64.ActiveCfg = Release|x64
		{0E5C7008-0B86-4A80-8DE6-AA1FA7CA8E24}.O2|x64.Build.0 = Release|x64
		{0E5C7008-0B86-4A80-8DE6-AA1FA7CA8E24}.O2|x86.ActiveCfg = Release|Win32
		{0E5C7008-0B86-4A80-8DE6-AA1FA7CA8E24}.O2|x86.Build.0 = Release|Win32
		{0E5C7008-0B86-4A80-8DE6-AA1FA7CA8E24}.Release|x64.ActiveCfg = Release|x64
		{0E5C7008-0B86-4A80-8DE6-AA1FA7CA8E24}.Release|x64.Build.0 = Release|x64
		{0E5C7008-0B86-4A80-8DE6-AA1FA7CA8E24}.Release|x86.ActiveCfg = Release|Win32
		{0E5C7008-0B86-4A80-8DE6-AA1FA7CA8E24}.Release|x86.Build.0 = Release|Win32
		{0E5C7008-0B86-4A80-8DE6-AA1FA7CA8E24}.Release-static|x64.ActiveCfg = Release|x64
		{0E5C7008-0B86-4A80-8DE6-AA1FA7CA8E24}.Release-static|x64.Build.0 = Release|x64
		{0E5C7008-0B86-4A80-8DE6-AA1FA7CA8E24}.Release-static|x86.ActiveCfg = Release|Win32
		{0E5C7008-0B86-4A80-8DE6-AA1FA7CA8E24}.Release-static|x86.Build.0 = Release|Win32
		{0E5C7008-0B86-4A80-8DE6-AA1FA7CA8E24}.RelWithDebInfo|x64.ActiveCfg = Release|x64
		{0E5C7008-0B86-4A80-8DE6-AA1FA7CA8E24}.RelWithDebInfo|x64.Build.0 = Release|x64
		{0E5C7008-0B86-4A80-8DE6-AA1FA7CA8E24}.RelWithDebInfo|x86.ActiveCfg = Release|Win32
		{0E5C7008-0B86-4A80-8DE6-AA1FA7CA8E24}.RelWithDebInfo|x86.Build.0 = Release|Win32
		{E3AC75DB-9815-4B5E-9141-0726F3D28642}.Debug|x64.ActiveCfg = Debug|x64
		{E3AC75DB-9815-4B5E-9141-0726F3D28642}.Debug|x64.Build.0 = Debug|x64
		{E3AC75DB-9815-4B5E-9141-0726F3D28642}.Debug|x86.ActiveCfg = Debug|x64
		{E3AC75DB-9815-4B5E-9141-0726F3D28642}.Debug-static|x64.ActiveCfg = Debug|x64
		{E3AC75DB-9815-4B5E-9141-0726F3D28642}.Debug-static|x64.Build.0 = Debug|x64
		{E3AC75DB-9815-4B5E-9141-0726F3D28642}.Debug-static|x86.ActiveCfg = Release|x64
		{E3AC75DB-9815-4B5E-9141-0726F3D28642}.Debug-static|x86.Build.0 = Release|x64
		{E3AC75DB-9815-4B5E-9141-0726F3D28642}.MinSizeRel|x64.ActiveCfg = Release|x64
		{E3AC75DB-9815-4B5E-9141-0726F3D28642}.MinSizeRel|x64.Build.0 = Release|x64
		{E3AC75DB-9815-4B5E-9141-0726F3D28642}.MinSizeRel|x86.ActiveCfg = Release|x64
		{E3AC75DB-9815-4B5E-9141-0726F3D28642}.MinSizeRel|x86.Build.0 = Release|x64
		{E3AC75DB-9815-4B5E-9141-0726F3D28642}.O2|x64.ActiveCfg = Release|x64
		{E3AC75DB-9815-4B5E-9141-0726F3D28642}.O2|x64.Build.0 = Release|x64
		{E3AC75DB-9815-4B5E-9141-0726F3D28642}.O2|x86.ActiveCfg = Release|x64
		{E3AC75DB-9815-4B5E-9141-0726F3D28642}.O2|x86.Build.0 = Release|x64
		{E3AC75DB-9815-4B5E-9141-0726F3D28642}.Release|x64.ActiveCfg = Release|x64
		{E3AC75DB-9815-4B5E-9141-0726F3D28642}.Release|x64.Build.0 = Release|x64
		{E3AC75DB-9815-4B5E-9141-0726F3D28642}.Release|x86.ActiveCfg = Release|x64
		{E3AC75DB-9815-4B5E-9141-0726F3D28642}.Release-static|x64.ActiveCfg = Release|x64
		{E3AC75DB-9815-4B5E-9141-0726F3D28642}.Release-static|x64.Build.0 = Release|x64
		{E3AC75DB-9815-4B5E-9141-0726F3D28642}.Release-static|x86.ActiveCfg = Release|x64
		{E3AC75DB-9815-4B5E-9141-0726F3D28642}.Release-static|x86.Build.0 = Release|x64
		{E3AC75DB-9815-4B5E-9141-0726F3D28642}.RelWithDebInfo|x64.ActiveCfg = Release|x64
		{E3AC75DB-9815-4B5E-9141-0726F3D28642}.RelWithDebInfo|x64.Build.0 = Release|x64
		{E3AC75DB-9815-4B5E-9141-0726F3D28642}.RelWithDebInfo|x86.ActiveCfg = Release|x64
		{E3AC75DB-9815-4B5E-9141-0726F3D28642}.RelWithDebInfo|x86.Build.0 = Release|x64
		{0437D1EC-B311-49F7-A5B3-98371AD7A763}.Debug|x64.ActiveCfg = Debug|x64
		{0437D1EC-B311-49F7-A5B3-98371AD7A763}.Debug|x64.Build.0 = Debug|x64
		{0437D1EC-B311-49F7-A5B3-98371AD7A763}.Debug|x86.ActiveCfg = Debug|Win32
		{0437D1EC-B311-49F7-A5B3-98371AD7A763}.Debug|x86.Build.0 = Debug|Win32
		{0437D1EC-B311-49F7-A5B3-98371AD7A763}.Debug-static|x64.ActiveCfg = Debug|x64
		{0437D1EC-B311-49F7-A5B3-98371AD7A763}.Debug-static|x64.Build.0 = Debug|x64
		{0437D1EC-B311-49F7-A5B3-98371AD7A763}.Debug-static|x86.ActiveCfg = Debug|Win32
		{0437D1EC-B311-49F7-A5B3-98371AD7A763}.Debug-static|x86.Build.0 = Debug|Win32
		{0437D1EC-B311-49F7-A5B3-98371AD7A763}.MinSizeRel|x64.ActiveCfg = Release|x64
		{0437D1EC-B311-49F7-A5B3-98371AD7A763}.MinSizeRel|x64.Build.0 = Release|x64
		{0437D1EC-B311-49F7-A5B3-98371AD7A763}.MinSizeRel|x86.ActiveCfg = Release|Win32
		{0437D1EC-B311-49F7-A5B3-98371AD7A763}.MinSizeRel|x86.Build.0 = Release|Win32
		{0437D1EC-B311-49F7-A5B3-98371AD7A763}.O2|x64.ActiveCfg = Release|x64
		{0437D1EC-B311-49F7-A5B3-98371AD7A763}.O2|x64.Build.0 = Release|x64
		{0437D1EC-B311-49F7-A5B3-98371AD7A763}.O2|x86.ActiveCfg = Release|Win32
		{0437D1EC-B311-49F7-A5B3-98371AD7A763}.O2|x86.Build.0 = Release|Win32
		{0437D1EC-B311-49F7-A5B3-98371AD7A763}.Release|x64.ActiveCfg = Release|x64
		{0437D1EC-B311-49F7-A5B3-98371AD7A763}.Release|x64.Build.0 = Release|x64
		{0437D1EC-B311-49F7-A5B3-98371AD7A763}.Release|x86.ActiveCfg = Release|Win32
		{0437D1EC-B311-49F7-A5B3-98371AD7A763}.Release|x86.Build.0 = Release|Win32
		{0437D1EC-B311-49F7-A5B3-98371AD7A763}.Release-static|x64.ActiveCfg = Release|x64
		{0437D1EC-B311-49F7-A5B3-98371AD7A763}.Release-static|x64.Build.0 = Release|x64
		{0437D1EC-B311-49F7-A5B3-98371AD7A763}.Release-static|x86.ActiveCfg = Release|Win32
		{0437D1EC-B311-49F7-A5B3-98371AD7A763}.Release-static|x86.Build.0 = Release|Win32
		{0437D1EC-B311-49F7-A5B3-98371AD7A763}.RelWithDebInfo|x64.ActiveCfg = Release|x64
		{0437D1EC-B311-49F7-A5B3-98371AD7A763}.RelWithDebInfo|x64.Build.0 = Release|x64
		{0437D1EC-B311-49F7-A5B3-98371AD7A763}.RelWithDebInfo|x86.ActiveCfg = Release|Win32
		{0437D1EC-B311-49F7-A5B3-98371AD7A763}.RelWithDebInfo|x86.Build.0 = Release|Win32
	EndGlobalSection
	GlobalSection(SolutionProperties) = preSolution
		HideSolutionNode = FALSE
	EndGlobalSection
	GlobalSection(NestedProjects) = preSolution
		{B45335E6-2496-4D63-950F-B5ADF285A438} = {23438DB5-84BC-4065-9577-8625D18C70CE}
	EndGlobalSection
	GlobalSection(ExtensibilityGlobals) = postSolution
		SolutionGuid = {E0F9CA6A-796A-47A9-B27F-1A7DE5BEBBD2}
	EndGlobalSection
EndGlobal
