<Project ToolsVersion="4.0" xmlns="http://schemas.microsoft.com/developer/msbuild/2003">
  <ItemGroup>
    <Filter Include="Resource Files">
      <UniqueIdentifier>{67DA6AB6-F800-4c08-8B7A-83BB121AAD01}</UniqueIdentifier>
      <Extensions>rc;ico;cur;bmp;dlg;rc2;rct;bin;rgs;gif;jpg;jpeg;jpe;resx;tiff;tif;png;wav;mfcribbon-ms</Extensions>
    </Filter>
    <Filter Include="2048">
      <UniqueIdentifier>{640718d9-4218-4928-98de-579fa4134912}</UniqueIdentifier>
    </Filter>
    <Filter Include="2048\States">
      <UniqueIdentifier>{7f0c047e-74ae-40d6-ae5d-20204c0bb82a}</UniqueIdentifier>
    </Filter>
    <Filter Include="2048\States\Simple">
      <UniqueIdentifier>{ac847e0b-e02e-4b14-b033-9dbef15826be}</UniqueIdentifier>
    </Filter>
    <Filter Include="2048\States\Loading">
      <UniqueIdentifier>{14ef2813-298f-4722-9176-c4196efe72f6}</UniqueIdentifier>
    </Filter>
    <Filter Include="2048\States\State_2048">
      <UniqueIdentifier>{f7b6e210-f613-4a23-8338-f5b0b69d61f3}</UniqueIdentifier>
    </Filter>
    <Filter Include="2048\States\State_2048\Models">
      <UniqueIdentifier>{ef1cfbea-3766-40cf-b689-3192ef685cde}</UniqueIdentifier>
    </Filter>
  </ItemGroup>
  <ItemGroup>
    <ClCompile Include="2048\Game_2048.cpp">
      <Filter>2048</Filter>
    </ClCompile>
    <ClCompile Include="2048\main.cpp">
      <Filter>2048</Filter>
    </ClCompile>
    <ClCompile Include="2048\States\StateManager.cpp">
      <Filter>2048\States</Filter>
    </ClCompile>
    <ClCompile Include="2048\States\Simple\Simple.cpp">
      <Filter>2048\States\Simple</Filter>
    </ClCompile>
    <ClCompile Include="2048\States\Loading\Loading.cpp">
      <Filter>2048\States\Loading</Filter>
    </ClCompile>
    <ClCompile Include="2048\States\State_2048\State_2048.cpp">
      <Filter>2048\States\State_2048</Filter>
    </ClCompile>
    <ClCompile Include="2048\States\State_2048\Models\Fan\Fan.cpp">
      <Filter>2048\States\State_2048\Models</Filter>
    </ClCompile>
    <ClCompile Include="2048\States\State_2048\Models\Fan\FanShader.cpp">
      <Filter>2048\States\State_2048\Models</Filter>
    </ClCompile>
    <ClCompile Include="2048\States\Simple\Models\TextureQuad\TextureQuad.cpp" />
    <ClCompile Include="2048\States\Simple\Models\TextureQuad\TQShader.cpp" />
    <ClCompile Include="2048\States\Simple\Models\TexturedCube\TextureCube.cpp" />
    <ClCompile Include="2048\States\State_2048\Models\Block\Block.cpp" />
    <ClCompile Include="2048\States\State_2048\Models\Block\BlockShader.cpp" />
    <ClCompile Include="C:\RudeBuildCache\2048_10e9acc0f7160c5b8b7f3b3f2f1fb185\Release-x64\2048\20481.cpp" />
  </ItemGroup>
  <ItemGroup>
    <ClInclude Include="2048\Game_2048.h">
      <Filter>2048</Filter>
    </ClInclude>
    <ClInclude Include="2048\States\StateManager.h">
      <Filter>2048\States</Filter>
    </ClInclude>
    <ClInclude Include="2048\States\Simple\Simple.h">
      <Filter>2048\States\Simple</Filter>
    </ClInclude>
    <ClInclude Include="2048\States\Loading\Loading.h">
      <Filter>2048\States\Loading</Filter>
    </ClInclude>
    <ClInclude Include="2048\States\State_2048\State_2048.h">
      <Filter>2048\States\State_2048</Filter>
    </ClInclude>
    <ClInclude Include="2048\States\State_2048\Models\Fan\Fan.h">
      <Filter>2048\States\State_2048\Models</Filter>
    </ClInclude>
    <ClInclude Include="2048\States\State_2048\Models\Fan\FanShader.h">
      <Filter>2048\States\State_2048\Models</Filter>
    </ClInclude>
    <ClInclude Include="2048\States\Simple\Models\TextureQuad\TextureQuad.h" />
    <ClInclude Include="2048\States\Simple\Models\TextureQuad\TQShader.h" />
    <ClInclude Include="2048\States\Simple\Models\TexturedCube\TextureCube.h" />
    <ClInclude Include="2048\States\State_2048\Models\Block\Block.h" />
    <ClInclude Include="2048\States\State_2048\Models\Block\BlockShader.h" />
  </ItemGroup>
  <ItemGroup>
    <None Include="2048\States\State_2048\Models\Fan\Fan.frag">
      <Filter>2048\States\State_2048\Models</Filter>
    </None>
    <None Include="2048\States\State_2048\Models\Fan\Fan.vert">
      <Filter>2048\States\State_2048\Models</Filter>
    </None>
    <None Include="2048\States\Simple\Models\TextureQuad\TextureQuad.vert" />
    <None Include="2048\States\Simple\Models\TextureQuad\TextureQuad.frag" />
  </ItemGroup>
</Project>